
Microsoft Visual Studio Solution File, Format Version 12.00
# Visual Studio Version 17
VisualStudioVersion = 17.9.34616.47
MinimumVisualStudioVersion = 10.0.40219.1
Project("{FAE04EC0-301F-11D3-BF4B-00C04F79EFBC}") = "Ecommerce.API", "Ecommerce.API\Ecommerce.API.csproj", "{BC519925-0AC9-4D13-87B1-8349DC21ACBF}"
EndProject
Project("{FAE04EC0-301F-11D3-BF4B-00C04F79EFBC}") = "Ecommerce.Infrastructure", "Ecommerce.Infrastructure\Ecommerce.Infrastructure.csproj", "{702F69BD-A844-4B3E-9E96-093D4F5D9938}"
EndProject
Project("{FAE04EC0-301F-11D3-BF4B-00C04F79EFBC}") = "Ecommerce.Core", "Ecommerce.Core\Ecommerce.Core.csproj", "{2A67BDEB-6CA6-45B6-B4FF-3473E09196A2}"
EndProject
Project("{FAE04EC0-301F-11D3-BF4B-00C04F79EFBC}") = "Ecommerce.Business", "Ecommerce.Business\Ecommerce.Business.csproj", "{44C18EF7-22FA-48D9-8FA5-20228CDFC275}"
EndProject
Project("{2150E333-8FDC-42A3-9474-1A3956D46DE8}") = "Src", "Src", "{85EE82D4-E0DB-4D69-BC00-9C396E9A4DC1}"
EndProject
Global
	GlobalSection(SolutionConfigurationPlatforms) = preSolution
		Debug|Any CPU = Debug|Any CPU
		Release|Any CPU = Release|Any CPU
	EndGlobalSection
	GlobalSection(ProjectConfigurationPlatforms) = postSolution
		{BC519925-0AC9-4D13-87B1-8349DC21ACBF}.Debug|Any CPU.ActiveCfg = Debug|Any CPU
		{BC519925-0AC9-4D13-87B1-8349DC21ACBF}.Debug|Any CPU.Build.0 = Debug|Any CPU
		{BC519925-0AC9-4D13-87B1-8349DC21ACBF}.Release|Any CPU.ActiveCfg = Release|Any CPU
		{BC519925-0AC9-4D13-87B1-8349DC21ACBF}.Release|Any CPU.Build.0 = Release|Any CPU
		{702F69BD-A844-4B3E-9E96-093D4F5D9938}.Debug|Any CPU.ActiveCfg = Debug|Any CPU
		{702F69BD-A844-4B3E-9E96-093D4F5D9938}.Debug|Any CPU.Build.0 = Debug|Any CPU
		{702F69BD-A844-4B3E-9E96-093D4F5D9938}.Release|Any CPU.ActiveCfg = Release|Any CPU
		{702F69BD-A844-4B3E-9E96-093D4F5D9938}.Release|Any CPU.Build.0 = Release|Any CPU
		{2A67BDEB-6CA6-45B6-B4FF-3473E09196A2}.Debug|Any CPU.ActiveCfg = Debug|Any CPU
		{2A67BDEB-6CA6-45B6-B4FF-3473E09196A2}.Debug|Any CPU.Build.0 = Debug|Any CPU
		{2A67BDEB-6CA6-45B6-B4FF-3473E09196A2}.Release|Any CPU.ActiveCfg = Release|Any CPU
		{2A67BDEB-6CA6-45B6-B4FF-3473E09196A2}.Release|Any CPU.Build.0 = Release|Any CPU
		{44C18EF7-22FA-48D9-8FA5-20228CDFC275}.Debug|Any CPU.ActiveCfg = Debug|Any CPU
		{44C18EF7-22FA-48D9-8FA5-20228CDFC275}.Debug|Any CPU.Build.0 = Debug|Any CPU
		{44C18EF7-22FA-48D9-8FA5-20228CDFC275}.Release|Any CPU.ActiveCfg = Release|Any CPU
		{44C18EF7-22FA-48D9-8FA5-20228CDFC275}.Release|Any CPU.Build.0 = Release|Any CPU
	EndGlobalSection
	GlobalSection(SolutionProperties) = preSolution
		HideSolutionNode = FALSE
	EndGlobalSection
	GlobalSection(NestedProjects) = preSolution
		{BC519925-0AC9-4D13-87B1-8349DC21ACBF} = {85EE82D4-E0DB-4D69-BC00-9C396E9A4DC1}
		{702F69BD-A844-4B3E-9E96-093D4F5D9938} = {85EE82D4-E0DB-4D69-BC00-9C396E9A4DC1}
		{2A67BDEB-6CA6-45B6-B4FF-3473E09196A2} = {85EE82D4-E0DB-4D69-BC00-9C396E9A4DC1}
		{44C18EF7-22FA-48D9-8FA5-20228CDFC275} = {85EE82D4-E0DB-4D69-BC00-9C396E9A4DC1}
	EndGlobalSection
	GlobalSection(ExtensibilityGlobals) = postSolution
		SolutionGuid = {9072DBC1-090F-4FA7-BBC4-5C04980F089A}
	EndGlobalSection
EndGlobal
